
Microsoft Visual Studio Solution File, Format Version 12.00
# Visual Studio Version 17
VisualStudioVersion = 17.4.33110.190
MinimumVisualStudioVersion = 10.0.40219.1
Project("{FAE04EC0-301F-11D3-BF4B-00C04F79EFBC}") = "ClassCreator", "ClassCreator\ClassCreator.csproj", "{9795871D-72FC-4E1F-BCFA-60B20A73B892}"
EndProject
Global
	GlobalSection(SolutionConfigurationPlatforms) = preSolution
		Debug|Any CPU = Debug|Any CPU
		Release|Any CPU = Release|Any CPU
	EndGlobalSection
	GlobalSection(ProjectConfigurationPlatforms) = postSolution
		{9795871D-72FC-4E1F-BCFA-60B20A73B892}.Debug|Any CPU.ActiveCfg = Debug|Any CPU
		{9795871D-72FC-4E1F-BCFA-60B20A73B892}.Debug|Any CPU.Build.0 = Debug|Any CPU
		{9795871D-72FC-4E1F-BCFA-60B20A73B892}.Release|Any CPU.ActiveCfg = Release|Any CPU
		{9795871D-72FC-4E1F-BCFA-60B20A73B892}.Release|Any CPU.Build.0 = Release|Any CPU
	EndGlobalSection
	GlobalSection(SolutionProperties) = preSolution
		HideSolutionNode = FALSE
	EndGlobalSection
	GlobalSection(ExtensibilityGlobals) = postSolution
		SolutionGuid = {4BF28DCA-942D-4771-B8DB-C0862EDB17C1}
	EndGlobalSection
EndGlobal
